
Microsoft Visual Studio Solution File, Format Version 12.00
Project("{FAE04EC0-301F-11D3-BF4B-00C04F79EFBC}") = "BookStore", "BookStore\BookStore.csproj", "{55A42B94-442D-4B9A-AD21-5CB74C4FD4CF}"
EndProject
Project("{FAE04EC0-301F-11D3-BF4B-00C04F79EFBC}") = "BookStore.Test", "BookStore.Test\BookStore.Test.csproj", "{8AC8CF54-4B6A-446A-AF35-180649CCDAA1}"
EndProject
Global
	GlobalSection(SolutionConfigurationPlatforms) = preSolution
		Debug|Any CPU = Debug|Any CPU
		Release|Any CPU = Release|Any CPU
	EndGlobalSection
	GlobalSection(ProjectConfigurationPlatforms) = postSolution
		{55A42B94-442D-4B9A-AD21-5CB74C4FD4CF}.Debug|Any CPU.ActiveCfg = Debug|Any CPU
		{55A42B94-442D-4B9A-AD21-5CB74C4FD4CF}.Debug|Any CPU.Build.0 = Debug|Any CPU
		{55A42B94-442D-4B9A-AD21-5CB74C4FD4CF}.Release|Any CPU.ActiveCfg = Release|Any CPU
		{55A42B94-442D-4B9A-AD21-5CB74C4FD4CF}.Release|Any CPU.Build.0 = Release|Any CPU
		{8AC8CF54-4B6A-446A-AF35-180649CCDAA1}.Debug|Any CPU.ActiveCfg = Debug|Any CPU
		{8AC8CF54-4B6A-446A-AF35-180649CCDAA1}.Debug|Any CPU.Build.0 = Debug|Any CPU
		{8AC8CF54-4B6A-446A-AF35-180649CCDAA1}.Release|Any CPU.ActiveCfg = Release|Any CPU
		{8AC8CF54-4B6A-446A-AF35-180649CCDAA1}.Release|Any CPU.Build.0 = Release|Any CPU
	EndGlobalSection
EndGlobal
